<?xml version="1.0" encoding="utf-8"?>
<Project ToolsVersion="4.0" xmlns="http://schemas.microsoft.com/developer/msbuild/2003">
  <ItemGroup>
    <FxCompile Include="data\SHADER\BrightCheck.fx">
      <Filter>シェーダー</Filter>
    </FxCompile>
    <FxCompile Include="data\SHADER\DepthBufShadowEffect.fx">
      <Filter>シェーダー</Filter>
    </FxCompile>
    <FxCompile Include="data\SHADER\Gauss.fx">
      <Filter>シェーダー</Filter>
    </FxCompile>
    <FxCompile Include="data\SHADER\ZTexCreator.fx">
      <Filter>シェーダー</Filter>
    </FxCompile>
  </ItemGroup>
  <ItemGroup>
    <ClCompile Include="Resource\anim2D.cpp">
      <Filter>sauce</Filter>
    </ClCompile>
    <ClCompile Include="Resource\blur.cpp">
      <Filter>sauce</Filter>
    </ClCompile>
    <ClCompile Include="Resource\camera.cpp">
      <Filter>sauce</Filter>
    </ClCompile>
    <ClCompile Include="Resource\char2D.cpp">
      <Filter>sauce</Filter>
    </ClCompile>
    <ClCompile Include="Resource\character.cpp">
      <Filter>sauce</Filter>
    </ClCompile>
    <ClCompile Include="Resource\checkpoint.cpp">
      <Filter>sauce</Filter>
    </ClCompile>
    <ClCompile Include="Resource\cinemaScope.cpp">
      <Filter>sauce</Filter>
    </ClCompile>
    <ClCompile Include="Resource\collision.cpp">
      <Filter>sauce</Filter>
    </ClCompile>
    <ClCompile Include="Resource\debug.cpp">
      <Filter>sauce</Filter>
    </ClCompile>
    <ClCompile Include="Resource\debugproc.cpp">
      <Filter>sauce</Filter>
    </ClCompile>
    <ClCompile Include="Resource\deltaTime.cpp">
      <Filter>sauce</Filter>
    </ClCompile>
    <ClCompile Include="Resource\DepthShadow.cpp">
      <Filter>sauce</Filter>
    </ClCompile>
    <ClCompile Include="Resource\effect2D.cpp">
      <Filter>sauce</Filter>
    </ClCompile>
    <ClCompile Include="Resource\effect3D.cpp">
      <Filter>sauce</Filter>
    </ClCompile>
    <ClCompile Include="Resource\effekseerControl.cpp">
      <Filter>sauce</Filter>
    </ClCompile>
    <ClCompile Include="Resource\effekseerManager.cpp">
      <Filter>sauce</Filter>
    </ClCompile>
    <ClCompile Include="Resource\enemy.cpp">
      <Filter>sauce</Filter>
    </ClCompile>
    <ClCompile Include="Resource\enemy_chase.cpp">
      <Filter>sauce</Filter>
    </ClCompile>
    <ClCompile Include="Resource\fade.cpp">
      <Filter>sauce</Filter>
    </ClCompile>
    <ClCompile Include="Resource\field.cpp">
      <Filter>sauce</Filter>
    </ClCompile>
    <ClCompile Include="Resource\flash.cpp">
      <Filter>sauce</Filter>
    </ClCompile>
    <ClCompile Include="Resource\font.cpp">
      <Filter>sauce</Filter>
    </ClCompile>
    <ClCompile Include="Resource\fontChar.cpp">
      <Filter>sauce</Filter>
    </ClCompile>
    <ClCompile Include="Resource\gameManager.cpp">
      <Filter>sauce</Filter>
    </ClCompile>
    <ClCompile Include="Resource\gauge2D.cpp">
      <Filter>sauce</Filter>
    </ClCompile>
    <ClCompile Include="Resource\gauge3D.cpp">
      <Filter>sauce</Filter>
    </ClCompile>
    <ClCompile Include="Resource\hitStop.cpp">
      <Filter>sauce</Filter>
    </ClCompile>
    <ClCompile Include="Resource\impact.cpp">
      <Filter>sauce</Filter>
    </ClCompile>
    <ClCompile Include="Resource\input.cpp">
      <Filter>sauce</Filter>
    </ClCompile>
    <ClCompile Include="Resource\light.cpp">
      <Filter>sauce</Filter>
    </ClCompile>
    <ClCompile Include="Resource\liquid.cpp">
      <Filter>sauce</Filter>
    </ClCompile>
    <ClCompile Include="Resource\listManager.cpp">
      <Filter>sauce</Filter>
    </ClCompile>
    <ClCompile Include="Resource\loading.cpp">
      <Filter>sauce</Filter>
    </ClCompile>
    <ClCompile Include="Resource\main.cpp">
      <Filter>sauce</Filter>
    </ClCompile>
    <ClCompile Include="Resource\manager.cpp">
      <Filter>sauce</Filter>
    </ClCompile>
    <ClCompile Include="Resource\map.cpp">
      <Filter>sauce</Filter>
    </ClCompile>
    <ClCompile Include="Resource\model.cpp">
      <Filter>sauce</Filter>
    </ClCompile>
    <ClCompile Include="Resource\modelUI.cpp">
      <Filter>sauce</Filter>
    </ClCompile>
    <ClCompile Include="Resource\motion.cpp">
      <Filter>sauce</Filter>
    </ClCompile>
    <ClCompile Include="Resource\multiModel.cpp">
      <Filter>sauce</Filter>
    </ClCompile>
    <ClCompile Include="Resource\multiValue.cpp">
      <Filter>sauce</Filter>
    </ClCompile>
    <ClCompile Include="Resource\object.cpp">
      <Filter>sauce</Filter>
    </ClCompile>
    <ClCompile Include="Resource\object2D.cpp">
      <Filter>sauce</Filter>
    </ClCompile>
    <ClCompile Include="Resource\object3D.cpp">
      <Filter>sauce</Filter>
    </ClCompile>
    <ClCompile Include="Resource\objectBillboard.cpp">
      <Filter>sauce</Filter>
    </ClCompile>
    <ClCompile Include="Resource\objectChara.cpp">
      <Filter>sauce</Filter>
    </ClCompile>
    <ClCompile Include="Resource\objectDivChara.cpp">
      <Filter>sauce</Filter>
    </ClCompile>
    <ClCompile Include="Resource\objectMeshCircle.cpp">
      <Filter>sauce</Filter>
    </ClCompile>
    <ClCompile Include="Resource\objectMeshCube.cpp">
      <Filter>sauce</Filter>
    </ClCompile>
    <ClCompile Include="Resource\objectMeshCylinder.cpp">
      <Filter>sauce</Filter>
    </ClCompile>
    <ClCompile Include="Resource\objectMeshDome.cpp">
      <Filter>sauce</Filter>
    </ClCompile>
    <ClCompile Include="Resource\objectMeshField.cpp">
      <Filter>sauce</Filter>
    </ClCompile>
    <ClCompile Include="Resource\objectMeshRing.cpp">
      <Filter>sauce</Filter>
    </ClCompile>
    <ClCompile Include="Resource\objectMeshSphere.cpp">
      <Filter>sauce</Filter>
    </ClCompile>
    <ClCompile Include="Resource\objectMeshTube.cpp">
      <Filter>sauce</Filter>
    </ClCompile>
    <ClCompile Include="Resource\objectMeshWall.cpp">
      <Filter>sauce</Filter>
    </ClCompile>
    <ClCompile Include="Resource\objectModel.cpp">
      <Filter>sauce</Filter>
    </ClCompile>
    <ClCompile Include="Resource\objectTornado.cpp">
      <Filter>sauce</Filter>
    </ClCompile>
    <ClCompile Include="Resource\orbit.cpp">
      <Filter>sauce</Filter>
    </ClCompile>
    <ClCompile Include="Resource\particle2D.cpp">
      <Filter>sauce</Filter>
    </ClCompile>
    <ClCompile Include="Resource\particle3D.cpp">
      <Filter>sauce</Filter>
    </ClCompile>
    <ClCompile Include="Resource\pause.cpp">
      <Filter>sauce</Filter>
    </ClCompile>
    <ClCompile Include="Resource\player.cpp">
      <Filter>sauce</Filter>
    </ClCompile>
    <ClCompile Include="Resource\player_clone.cpp">
      <Filter>sauce</Filter>
    </ClCompile>
    <ClCompile Include="Resource\precompile.cpp">
      <Filter>sauce</Filter>
    </ClCompile>
    <ClCompile Include="Resource\random.cpp">
      <Filter>sauce</Filter>
    </ClCompile>
    <ClCompile Include="Resource\rankingManager.cpp">
      <Filter>sauce</Filter>
    </ClCompile>
    <ClCompile Include="Resource\renderer.cpp">
      <Filter>sauce</Filter>
    </ClCompile>
    <ClCompile Include="Resource\renderState.cpp">
      <Filter>sauce</Filter>
    </ClCompile>
    <ClCompile Include="Resource\resultManager.cpp">
      <Filter>sauce</Filter>
    </ClCompile>
    <ClCompile Include="Resource\retentionManager.cpp">
      <Filter>sauce</Filter>
    </ClCompile>
    <ClCompile Include="Resource\scene.cpp">
      <Filter>sauce</Filter>
    </ClCompile>
    <ClCompile Include="Resource\sceneGame.cpp">
      <Filter>sauce</Filter>
    </ClCompile>
    <ClCompile Include="Resource\sceneRanking.cpp">
      <Filter>sauce</Filter>
    </ClCompile>
    <ClCompile Include="Resource\sceneResult.cpp">
      <Filter>sauce</Filter>
    </ClCompile>
    <ClCompile Include="Resource\scenery.cpp">
      <Filter>sauce</Filter>
    </ClCompile>
    <ClCompile Include="Resource\sceneTitle.cpp">
      <Filter>sauce</Filter>
    </ClCompile>
    <ClCompile Include="Resource\sceneTutorial.cpp">
      <Filter>sauce</Filter>
    </ClCompile>
    <ClCompile Include="Resource\screen.cpp">
      <Filter>sauce</Filter>
    </ClCompile>
    <ClCompile Include="Resource\scroll2D.cpp">
      <Filter>sauce</Filter>
    </ClCompile>
    <ClCompile Include="Resource\scrollMeshField.cpp">
      <Filter>sauce</Filter>
    </ClCompile>
    <ClCompile Include="Resource\scrollMeshRing.cpp">
      <Filter>sauce</Filter>
    </ClCompile>
    <ClCompile Include="Resource\shader.cpp">
      <Filter>sauce</Filter>
    </ClCompile>
    <ClCompile Include="Resource\shaderMono.cpp">
      <Filter>sauce</Filter>
    </ClCompile>
    <ClCompile Include="Resource\shaderToon.cpp">
      <Filter>sauce</Filter>
    </ClCompile>
    <ClCompile Include="Resource\shadow.cpp">
      <Filter>sauce</Filter>
    </ClCompile>
    <ClCompile Include="Resource\sky.cpp">
      <Filter>sauce</Filter>
    </ClCompile>
    <ClCompile Include="Resource\sound.cpp">
      <Filter>sauce</Filter>
    </ClCompile>
    <ClCompile Include="Resource\stage.cpp">
      <Filter>sauce</Filter>
    </ClCompile>
    <ClCompile Include="Resource\string2D.cpp">
      <Filter>sauce</Filter>
    </ClCompile>
    <ClCompile Include="Resource\text2D.cpp">
      <Filter>sauce</Filter>
    </ClCompile>
    <ClCompile Include="Resource\texture.cpp">
      <Filter>sauce</Filter>
    </ClCompile>
    <ClCompile Include="Resource\timerManager.cpp">
      <Filter>sauce</Filter>
    </ClCompile>
    <ClCompile Include="Resource\timerUI.cpp">
      <Filter>sauce</Filter>
    </ClCompile>
    <ClCompile Include="Resource\titleManager.cpp">
      <Filter>sauce</Filter>
    </ClCompile>
    <ClCompile Include="Resource\tutorialManager.cpp">
      <Filter>sauce</Filter>
    </ClCompile>
    <ClCompile Include="Resource\useful.cpp">
      <Filter>sauce</Filter>
    </ClCompile>
    <ClCompile Include="Resource\value.cpp">
      <Filter>sauce</Filter>
    </ClCompile>
    <ClCompile Include="Resource\valueUI.cpp">
      <Filter>sauce</Filter>
    </ClCompile>
    <ClCompile Include="Resource\wall.cpp">
      <Filter>sauce</Filter>
    </ClCompile>
    <ClCompile Include="Resource\wave.cpp">
      <Filter>sauce</Filter>
    </ClCompile>
    <ClCompile Include="Resource\ZTexture.cpp">
      <Filter>sauce</Filter>
    </ClCompile>
  </ItemGroup>
  <ItemGroup>
    <ClInclude Include="Resource\anim2D.h">
      <Filter>sauce</Filter>
    </ClInclude>
    <ClInclude Include="Resource\blur.h">
      <Filter>sauce</Filter>
    </ClInclude>
    <ClInclude Include="Resource\camera.h">
      <Filter>sauce</Filter>
    </ClInclude>
    <ClInclude Include="Resource\char2D.h">
      <Filter>sauce</Filter>
    </ClInclude>
    <ClInclude Include="Resource\character.h">
      <Filter>sauce</Filter>
    </ClInclude>
    <ClInclude Include="Resource\checkpoint.h">
      <Filter>sauce</Filter>
    </ClInclude>
    <ClInclude Include="Resource\cinemaScope.h">
      <Filter>sauce</Filter>
    </ClInclude>
    <ClInclude Include="Resource\collision.h">
      <Filter>sauce</Filter>
    </ClInclude>
    <ClInclude Include="Resource\debug.h">
      <Filter>sauce</Filter>
    </ClInclude>
    <ClInclude Include="Resource\debugproc.h">
      <Filter>sauce</Filter>
    </ClInclude>
    <ClInclude Include="Resource\deltaTime.h">
      <Filter>sauce</Filter>
    </ClInclude>
    <ClInclude Include="Resource\DepthShadow.h">
      <Filter>sauce</Filter>
    </ClInclude>
    <ClInclude Include="Resource\effect2D.h">
      <Filter>sauce</Filter>
    </ClInclude>
    <ClInclude Include="Resource\effect3D.h">
      <Filter>sauce</Filter>
    </ClInclude>
    <ClInclude Include="Resource\effekseerControl.h">
      <Filter>sauce</Filter>
    </ClInclude>
    <ClInclude Include="Resource\effekseerManager.h">
      <Filter>sauce</Filter>
    </ClInclude>
    <ClInclude Include="Resource\enemy.h">
      <Filter>sauce</Filter>
    </ClInclude>
    <ClInclude Include="Resource\enemy_chase.h">
      <Filter>sauce</Filter>
    </ClInclude>
    <ClInclude Include="Resource\fade.h">
      <Filter>sauce</Filter>
    </ClInclude>
    <ClInclude Include="Resource\field.h">
      <Filter>sauce</Filter>
    </ClInclude>
    <ClInclude Include="Resource\flash.h">
      <Filter>sauce</Filter>
    </ClInclude>
    <ClInclude Include="Resource\font.h">
      <Filter>sauce</Filter>
    </ClInclude>
    <ClInclude Include="Resource\fontChar.h">
      <Filter>sauce</Filter>
    </ClInclude>
    <ClInclude Include="Resource\gameManager.h">
      <Filter>sauce</Filter>
    </ClInclude>
    <ClInclude Include="Resource\gauge2D.h">
      <Filter>sauce</Filter>
    </ClInclude>
    <ClInclude Include="Resource\gauge3D.h">
      <Filter>sauce</Filter>
    </ClInclude>
    <ClInclude Include="Resource\hitStop.h">
      <Filter>sauce</Filter>
    </ClInclude>
    <ClInclude Include="Resource\impact.h">
      <Filter>sauce</Filter>
    </ClInclude>
    <ClInclude Include="Resource\input.h">
      <Filter>sauce</Filter>
    </ClInclude>
    <ClInclude Include="Resource\light.h">
      <Filter>sauce</Filter>
    </ClInclude>
    <ClInclude Include="Resource\liquid.h">
      <Filter>sauce</Filter>
    </ClInclude>
    <ClInclude Include="Resource\listManager.h">
      <Filter>sauce</Filter>
    </ClInclude>
    <ClInclude Include="Resource\loading.h">
      <Filter>sauce</Filter>
    </ClInclude>
    <ClInclude Include="Resource\main.h">
      <Filter>sauce</Filter>
    </ClInclude>
    <ClInclude Include="Resource\manager.h">
      <Filter>sauce</Filter>
    </ClInclude>
    <ClInclude Include="Resource\map.h">
      <Filter>sauce</Filter>
    </ClInclude>
    <ClInclude Include="Resource\model.h">
      <Filter>sauce</Filter>
    </ClInclude>
    <ClInclude Include="Resource\modelUI.h">
      <Filter>sauce</Filter>
    </ClInclude>
    <ClInclude Include="Resource\motion.h">
      <Filter>sauce</Filter>
    </ClInclude>
    <ClInclude Include="Resource\multiModel.h">
      <Filter>sauce</Filter>
    </ClInclude>
    <ClInclude Include="Resource\multiValue.h">
      <Filter>sauce</Filter>
    </ClInclude>
    <ClInclude Include="Resource\object.h">
      <Filter>sauce</Filter>
    </ClInclude>
    <ClInclude Include="Resource\object2D.h">
      <Filter>sauce</Filter>
    </ClInclude>
    <ClInclude Include="Resource\object3D.h">
      <Filter>sauce</Filter>
    </ClInclude>
    <ClInclude Include="Resource\objectBillboard.h">
      <Filter>sauce</Filter>
    </ClInclude>
    <ClInclude Include="Resource\objectChara.h">
      <Filter>sauce</Filter>
    </ClInclude>
    <ClInclude Include="Resource\objectDivChara.h">
      <Filter>sauce</Filter>
    </ClInclude>
    <ClInclude Include="Resource\objectMeshCircle.h">
      <Filter>sauce</Filter>
    </ClInclude>
    <ClInclude Include="Resource\objectMeshCube.h">
      <Filter>sauce</Filter>
    </ClInclude>
    <ClInclude Include="Resource\objectMeshCylinder.h">
      <Filter>sauce</Filter>
    </ClInclude>
    <ClInclude Include="Resource\objectMeshDome.h">
      <Filter>sauce</Filter>
    </ClInclude>
    <ClInclude Include="Resource\objectMeshField.h">
      <Filter>sauce</Filter>
    </ClInclude>
    <ClInclude Include="Resource\objectMeshRing.h">
      <Filter>sauce</Filter>
    </ClInclude>
    <ClInclude Include="Resource\objectMeshSphere.h">
      <Filter>sauce</Filter>
    </ClInclude>
    <ClInclude Include="Resource\objectMeshTube.h">
      <Filter>sauce</Filter>
    </ClInclude>
    <ClInclude Include="Resource\objectMeshWall.h">
      <Filter>sauce</Filter>
    </ClInclude>
    <ClInclude Include="Resource\objectModel.h">
      <Filter>sauce</Filter>
    </ClInclude>
    <ClInclude Include="Resource\objectTornado.h">
      <Filter>sauce</Filter>
    </ClInclude>
    <ClInclude Include="Resource\orbit.h">
      <Filter>sauce</Filter>
    </ClInclude>
    <ClInclude Include="Resource\particle2D.h">
      <Filter>sauce</Filter>
    </ClInclude>
    <ClInclude Include="Resource\particle3D.h">
      <Filter>sauce</Filter>
    </ClInclude>
    <ClInclude Include="Resource\pause.h">
      <Filter>sauce</Filter>
    </ClInclude>
    <ClInclude Include="Resource\player.h">
      <Filter>sauce</Filter>
    </ClInclude>
    <ClInclude Include="Resource\player_clone.h">
      <Filter>sauce</Filter>
    </ClInclude>
    <ClInclude Include="Resource\precompile.h">
      <Filter>sauce</Filter>
    </ClInclude>
    <ClInclude Include="Resource\random.h">
      <Filter>sauce</Filter>
    </ClInclude>
    <ClInclude Include="Resource\rankingManager.h">
      <Filter>sauce</Filter>
    </ClInclude>
    <ClInclude Include="Resource\renderer.h">
      <Filter>sauce</Filter>
    </ClInclude>
    <ClInclude Include="Resource\renderState.h">
      <Filter>sauce</Filter>
    </ClInclude>
    <ClInclude Include="Resource\resource.h">
      <Filter>sauce</Filter>
    </ClInclude>
    <ClInclude Include="Resource\resultManager.h">
      <Filter>sauce</Filter>
    </ClInclude>
    <ClInclude Include="Resource\retentionManager.h">
      <Filter>sauce</Filter>
    </ClInclude>
    <ClInclude Include="Resource\scene.h">
      <Filter>sauce</Filter>
    </ClInclude>
    <ClInclude Include="Resource\sceneGame.h">
      <Filter>sauce</Filter>
    </ClInclude>
    <ClInclude Include="Resource\sceneRanking.h">
      <Filter>sauce</Filter>
    </ClInclude>
    <ClInclude Include="Resource\sceneResult.h">
      <Filter>sauce</Filter>
    </ClInclude>
    <ClInclude Include="Resource\scenery.h">
      <Filter>sauce</Filter>
    </ClInclude>
    <ClInclude Include="Resource\sceneTitle.h">
      <Filter>sauce</Filter>
    </ClInclude>
    <ClInclude Include="Resource\sceneTutorial.h">
      <Filter>sauce</Filter>
    </ClInclude>
    <ClInclude Include="Resource\screen.h">
      <Filter>sauce</Filter>
    </ClInclude>
    <ClInclude Include="Resource\scroll2D.h">
      <Filter>sauce</Filter>
    </ClInclude>
    <ClInclude Include="Resource\scrollMeshField.h">
      <Filter>sauce</Filter>
    </ClInclude>
    <ClInclude Include="Resource\scrollMeshRing.h">
      <Filter>sauce</Filter>
    </ClInclude>
    <ClInclude Include="Resource\shader.h">
      <Filter>sauce</Filter>
    </ClInclude>
    <ClInclude Include="Resource\shaderMono.h">
      <Filter>sauce</Filter>
    </ClInclude>
    <ClInclude Include="Resource\shaderToon.h">
      <Filter>sauce</Filter>
    </ClInclude>
    <ClInclude Include="Resource\shadow.h">
      <Filter>sauce</Filter>
    </ClInclude>
    <ClInclude Include="Resource\sky.h">
      <Filter>sauce</Filter>
    </ClInclude>
    <ClInclude Include="Resource\sound.h">
      <Filter>sauce</Filter>
    </ClInclude>
    <ClInclude Include="Resource\stage.h">
      <Filter>sauce</Filter>
    </ClInclude>
    <ClInclude Include="Resource\string2D.h">
      <Filter>sauce</Filter>
    </ClInclude>
    <ClInclude Include="Resource\text2D.h">
      <Filter>sauce</Filter>
    </ClInclude>
    <ClInclude Include="Resource\texture.h">
      <Filter>sauce</Filter>
    </ClInclude>
    <ClInclude Include="Resource\timerManager.h">
      <Filter>sauce</Filter>
    </ClInclude>
    <ClInclude Include="Resource\timerUI.h">
      <Filter>sauce</Filter>
    </ClInclude>
    <ClInclude Include="Resource\titleManager.h">
      <Filter>sauce</Filter>
    </ClInclude>
    <ClInclude Include="Resource\tutorialManager.h">
      <Filter>sauce</Filter>
    </ClInclude>
    <ClInclude Include="Resource\useful.h">
      <Filter>sauce</Filter>
    </ClInclude>
    <ClInclude Include="Resource\value.h">
      <Filter>sauce</Filter>
    </ClInclude>
    <ClInclude Include="Resource\valueUI.h">
      <Filter>sauce</Filter>
    </ClInclude>
    <ClInclude Include="Resource\wall.h">
      <Filter>sauce</Filter>
    </ClInclude>
    <ClInclude Include="Resource\wave.h">
      <Filter>sauce</Filter>
    </ClInclude>
    <ClInclude Include="Resource\ZTexture.h">
      <Filter>sauce</Filter>
    </ClInclude>
  </ItemGroup>
  <ItemGroup>
    <Filter Include="シェーダー">
      <UniqueIdentifier>{33e8e961-0b67-4977-bcac-a61ff64f0a34}</UniqueIdentifier>
    </Filter>
    <Filter Include="sauce">
      <UniqueIdentifier>{34ca84dc-394a-4afd-a4d0-fc7bd63621ca}</UniqueIdentifier>
    </Filter>
  </ItemGroup>
  <ItemGroup>
    <ResourceCompile Include="Resource\resource.rc">
      <Filter>sauce</Filter>
    </ResourceCompile>
  </ItemGroup>
</Project>