<?xml version="1.0" encoding="utf-8"?>
<Project ToolsVersion="4.0" xmlns="http://schemas.microsoft.com/developer/msbuild/2003">
  <ItemGroup>
    <FxCompile Include="data\SHADER\ZTexCreator.fx">
      <Filter>Shader</Filter>
    </FxCompile>
    <FxCompile Include="data\SHADER\Gauss.fx">
      <Filter>Shader</Filter>
    </FxCompile>
    <FxCompile Include="data\SHADER\DepthBufShadowEffect.fx">
      <Filter>Shader</Filter>
    </FxCompile>
    <FxCompile Include="data\SHADER\BrightCheck.fx">
      <Filter>Shader</Filter>
    </FxCompile>
  </ItemGroup>
  <ItemGroup>
    <ClCompile Include="Resource\anim2D.cpp" />
    <ClCompile Include="Resource\blur.cpp" />
    <ClCompile Include="Resource\camera.cpp" />
    <ClCompile Include="Resource\char2D.cpp" />
    <ClCompile Include="Resource\character.cpp" />
    <ClCompile Include="Resource\checkpoint.cpp" />
    <ClCompile Include="Resource\cinemaScope.cpp" />
    <ClCompile Include="Resource\collision.cpp" />
    <ClCompile Include="Resource\debug.cpp" />
    <ClCompile Include="Resource\debugproc.cpp" />
    <ClCompile Include="Resource\deltaTime.cpp" />
    <ClCompile Include="Resource\DepthShadow.cpp" />
    <ClCompile Include="Resource\effect2D.cpp" />
    <ClCompile Include="Resource\effect3D.cpp" />
    <ClCompile Include="Resource\effekseerControl.cpp" />
    <ClCompile Include="Resource\effekseerManager.cpp" />
    <ClCompile Include="Resource\enemy.cpp" />
    <ClCompile Include="Resource\enemy_chase.cpp" />
    <ClCompile Include="Resource\fade.cpp" />
    <ClCompile Include="Resource\field.cpp" />
    <ClCompile Include="Resource\flash.cpp" />
    <ClCompile Include="Resource\font.cpp" />
    <ClCompile Include="Resource\fontChar.cpp" />
    <ClCompile Include="Resource\gameManager.cpp" />
    <ClCompile Include="Resource\gauge2D.cpp" />
    <ClCompile Include="Resource\gauge3D.cpp" />
    <ClCompile Include="Resource\hitStop.cpp" />
    <ClCompile Include="Resource\impact.cpp" />
    <ClCompile Include="Resource\input.cpp" />
    <ClCompile Include="Resource\light.cpp" />
    <ClCompile Include="Resource\liquid.cpp" />
    <ClCompile Include="Resource\listManager.cpp" />
    <ClCompile Include="Resource\loading.cpp" />
    <ClCompile Include="Resource\main.cpp" />
    <ClCompile Include="Resource\manager.cpp" />
    <ClCompile Include="Resource\map.cpp" />
    <ClCompile Include="Resource\model.cpp" />
    <ClCompile Include="Resource\modelUI.cpp" />
    <ClCompile Include="Resource\motion.cpp" />
    <ClCompile Include="Resource\multiModel.cpp" />
    <ClCompile Include="Resource\multiValue.cpp" />
    <ClCompile Include="Resource\object.cpp" />
    <ClCompile Include="Resource\object2D.cpp" />
    <ClCompile Include="Resource\object3D.cpp" />
    <ClCompile Include="Resource\objectBillboard.cpp" />
    <ClCompile Include="Resource\objectChara.cpp" />
    <ClCompile Include="Resource\objectDivChara.cpp" />
    <ClCompile Include="Resource\objectMeshCircle.cpp" />
    <ClCompile Include="Resource\objectMeshCube.cpp" />
    <ClCompile Include="Resource\objectMeshCylinder.cpp" />
    <ClCompile Include="Resource\objectMeshDome.cpp" />
    <ClCompile Include="Resource\objectMeshField.cpp" />
    <ClCompile Include="Resource\objectMeshRing.cpp" />
    <ClCompile Include="Resource\objectMeshSphere.cpp" />
    <ClCompile Include="Resource\objectMeshTube.cpp" />
    <ClCompile Include="Resource\objectMeshWall.cpp" />
    <ClCompile Include="Resource\objectModel.cpp" />
    <ClCompile Include="Resource\objectTornado.cpp" />
    <ClCompile Include="Resource\orbit.cpp" />
    <ClCompile Include="Resource\particle2D.cpp" />
    <ClCompile Include="Resource\particle3D.cpp" />
    <ClCompile Include="Resource\pause.cpp" />
    <ClCompile Include="Resource\player.cpp" />
    <ClCompile Include="Resource\player_clone.cpp" />
    <ClCompile Include="Resource\precompile.cpp" />
    <ClCompile Include="Resource\random.cpp" />
    <ClCompile Include="Resource\rankingManager.cpp" />
    <ClCompile Include="Resource\renderer.cpp" />
    <ClCompile Include="Resource\renderState.cpp" />
    <ClCompile Include="Resource\resultManager.cpp" />
    <ClCompile Include="Resource\retentionManager.cpp" />
    <ClCompile Include="Resource\scene.cpp" />
    <ClCompile Include="Resource\sceneGame.cpp" />
    <ClCompile Include="Resource\sceneRanking.cpp" />
    <ClCompile Include="Resource\sceneResult.cpp" />
    <ClCompile Include="Resource\scenery.cpp" />
    <ClCompile Include="Resource\sceneTitle.cpp" />
    <ClCompile Include="Resource\sceneTutorial.cpp" />
    <ClCompile Include="Resource\screen.cpp" />
    <ClCompile Include="Resource\scroll2D.cpp" />
    <ClCompile Include="Resource\scrollMeshField.cpp" />
    <ClCompile Include="Resource\scrollMeshRing.cpp" />
    <ClCompile Include="Resource\shader.cpp" />
    <ClCompile Include="Resource\shaderMono.cpp" />
    <ClCompile Include="Resource\shaderToon.cpp" />
    <ClCompile Include="Resource\shadow.cpp" />
    <ClCompile Include="Resource\sky.cpp" />
    <ClCompile Include="Resource\sound.cpp" />
    <ClCompile Include="Resource\stage.cpp" />
    <ClCompile Include="Resource\string2D.cpp" />
    <ClCompile Include="Resource\text2D.cpp" />
    <ClCompile Include="Resource\texture.cpp" />
    <ClCompile Include="Resource\timerManager.cpp" />
    <ClCompile Include="Resource\timerUI.cpp" />
    <ClCompile Include="Resource\titleManager.cpp" />
    <ClCompile Include="Resource\tutorialManager.cpp" />
    <ClCompile Include="Resource\useful.cpp" />
    <ClCompile Include="Resource\value.cpp" />
    <ClCompile Include="Resource\valueUI.cpp" />
    <ClCompile Include="Resource\wall.cpp" />
    <ClCompile Include="Resource\wave.cpp" />
    <ClCompile Include="Resource\ZTexture.cpp" />
    <ClCompile Include="Resource\timer.cpp" />
  </ItemGroup>
  <ItemGroup>
    <ClInclude Include="Resource\anim2D.h" />
    <ClInclude Include="Resource\blur.h" />
    <ClInclude Include="Resource\camera.h" />
    <ClInclude Include="Resource\char2D.h" />
    <ClInclude Include="Resource\character.h" />
    <ClInclude Include="Resource\checkpoint.h" />
    <ClInclude Include="Resource\cinemaScope.h" />
    <ClInclude Include="Resource\collision.h" />
    <ClInclude Include="Resource\debug.h" />
    <ClInclude Include="Resource\debugproc.h" />
    <ClInclude Include="Resource\deltaTime.h" />
    <ClInclude Include="Resource\DepthShadow.h" />
    <ClInclude Include="Resource\effect2D.h" />
    <ClInclude Include="Resource\effect3D.h" />
    <ClInclude Include="Resource\effekseerControl.h" />
    <ClInclude Include="Resource\effekseerManager.h" />
    <ClInclude Include="Resource\enemy.h" />
    <ClInclude Include="Resource\enemy_chase.h" />
    <ClInclude Include="Resource\fade.h" />
    <ClInclude Include="Resource\field.h" />
    <ClInclude Include="Resource\flash.h" />
    <ClInclude Include="Resource\font.h" />
    <ClInclude Include="Resource\fontChar.h" />
    <ClInclude Include="Resource\gameManager.h" />
    <ClInclude Include="Resource\gauge2D.h" />
    <ClInclude Include="Resource\gauge3D.h" />
    <ClInclude Include="Resource\hitStop.h" />
    <ClInclude Include="Resource\impact.h" />
    <ClInclude Include="Resource\input.h" />
    <ClInclude Include="Resource\light.h" />
    <ClInclude Include="Resource\liquid.h" />
    <ClInclude Include="Resource\listManager.h" />
    <ClInclude Include="Resource\loading.h" />
    <ClInclude Include="Resource\main.h" />
    <ClInclude Include="Resource\manager.h" />
    <ClInclude Include="Resource\map.h" />
    <ClInclude Include="Resource\model.h" />
    <ClInclude Include="Resource\modelUI.h" />
    <ClInclude Include="Resource\motion.h" />
    <ClInclude Include="Resource\multiModel.h" />
    <ClInclude Include="Resource\multiValue.h" />
    <ClInclude Include="Resource\object.h" />
    <ClInclude Include="Resource\object2D.h" />
    <ClInclude Include="Resource\object3D.h" />
    <ClInclude Include="Resource\objectBillboard.h" />
    <ClInclude Include="Resource\objectChara.h" />
    <ClInclude Include="Resource\objectDivChara.h" />
    <ClInclude Include="Resource\objectMeshCircle.h" />
    <ClInclude Include="Resource\objectMeshCube.h" />
    <ClInclude Include="Resource\objectMeshCylinder.h" />
    <ClInclude Include="Resource\objectMeshDome.h" />
    <ClInclude Include="Resource\objectMeshField.h" />
    <ClInclude Include="Resource\objectMeshRing.h" />
    <ClInclude Include="Resource\objectMeshSphere.h" />
    <ClInclude Include="Resource\objectMeshTube.h" />
    <ClInclude Include="Resource\objectMeshWall.h" />
    <ClInclude Include="Resource\objectModel.h" />
    <ClInclude Include="Resource\objectTornado.h" />
    <ClInclude Include="Resource\orbit.h" />
    <ClInclude Include="Resource\particle2D.h" />
    <ClInclude Include="Resource\particle3D.h" />
    <ClInclude Include="Resource\pause.h" />
    <ClInclude Include="Resource\player.h" />
    <ClInclude Include="Resource\player_clone.h" />
    <ClInclude Include="Resource\precompile.h" />
    <ClInclude Include="Resource\random.h" />
    <ClInclude Include="Resource\rankingManager.h" />
    <ClInclude Include="Resource\renderer.h" />
    <ClInclude Include="Resource\renderState.h" />
    <ClInclude Include="Resource\resource.h" />
    <ClInclude Include="Resource\resultManager.h" />
    <ClInclude Include="Resource\retentionManager.h" />
    <ClInclude Include="Resource\scene.h" />
    <ClInclude Include="Resource\sceneGame.h" />
    <ClInclude Include="Resource\sceneRanking.h" />
    <ClInclude Include="Resource\sceneResult.h" />
    <ClInclude Include="Resource\scenery.h" />
    <ClInclude Include="Resource\sceneTitle.h" />
    <ClInclude Include="Resource\sceneTutorial.h" />
    <ClInclude Include="Resource\screen.h" />
    <ClInclude Include="Resource\scroll2D.h" />
    <ClInclude Include="Resource\scrollMeshField.h" />
    <ClInclude Include="Resource\scrollMeshRing.h" />
    <ClInclude Include="Resource\shader.h" />
    <ClInclude Include="Resource\shaderMono.h" />
    <ClInclude Include="Resource\shaderToon.h" />
    <ClInclude Include="Resource\shadow.h" />
    <ClInclude Include="Resource\sky.h" />
    <ClInclude Include="Resource\sound.h" />
    <ClInclude Include="Resource\stage.h" />
    <ClInclude Include="Resource\string2D.h" />
    <ClInclude Include="Resource\text2D.h" />
    <ClInclude Include="Resource\texture.h" />
    <ClInclude Include="Resource\timerManager.h" />
    <ClInclude Include="Resource\timerUI.h" />
    <ClInclude Include="Resource\titleManager.h" />
    <ClInclude Include="Resource\tutorialManager.h" />
    <ClInclude Include="Resource\useful.h" />
    <ClInclude Include="Resource\value.h" />
    <ClInclude Include="Resource\valueUI.h" />
    <ClInclude Include="Resource\wall.h" />
    <ClInclude Include="Resource\wave.h" />
    <ClInclude Include="Resource\ZTexture.h" />
    <ClInclude Include="Resource\timer.h" />
  </ItemGroup>
  <ItemGroup>
    <Filter Include="Shader">
      <UniqueIdentifier>{5a3a16d8-8d3b-443d-b2e6-88de266fcffb}</UniqueIdentifier>
    </Filter>
    <Filter Include="Resource">
      <UniqueIdentifier>{d5a522a4-2887-438b-9762-237d1b79d6a4}</UniqueIdentifier>
    </Filter>
  </ItemGroup>
  <ItemGroup>
    <ResourceCompile Include="Resource\resource.rc">
      <Filter>Resource</Filter>
    </ResourceCompile>
  </ItemGroup>
</Project>